
Microsoft Visual Studio Solution File, Format Version 12.00
# Visual Studio Version 17
VisualStudioVersion = 17.1.32407.343
MinimumVisualStudioVersion = 10.0.40219.1
Project("{FAE04EC0-301F-11D3-BF4B-00C04F79EFBC}") = "LostArtifacts", "LostArtifacts\LostArtifacts.csproj", "{A71B0FCB-FBB4-43FC-BCB2-62EE1F84291C}"
EndProject
Global
	GlobalSection(SolutionConfigurationPlatforms) = preSolution
		Debug|Any CPU = Debug|Any CPU
		Release|Any CPU = Release|Any CPU
	EndGlobalSection
	GlobalSection(ProjectConfigurationPlatforms) = postSolution
		{A71B0FCB-FBB4-43FC-BCB2-62EE1F84291C}.Debug|Any CPU.ActiveCfg = Debug|Any CPU
		{A71B0FCB-FBB4-43FC-BCB2-62EE1F84291C}.Debug|Any CPU.Build.0 = Debug|Any CPU
		{A71B0FCB-FBB4-43FC-BCB2-62EE1F84291C}.Release|Any CPU.ActiveCfg = Release|Any CPU
		{A71B0FCB-FBB4-43FC-BCB2-62EE1F84291C}.Release|Any CPU.Build.0 = Release|Any CPU
	EndGlobalSection
	GlobalSection(SolutionProperties) = preSolution
		HideSolutionNode = FALSE
	EndGlobalSection
	GlobalSection(ExtensibilityGlobals) = postSolution
		SolutionGuid = {ECC4788F-4370-4253-AE1B-3F7657586D1C}
	EndGlobalSection
EndGlobal
